
Microsoft Visual Studio Solution File, Format Version 12.00
# Visual Studio 15
VisualStudioVersion = 15.0.26730.16
MinimumVisualStudioVersion = 10.0.40219.1
Project("{2150E333-8FDC-42A3-9474-1A3956D46DE8}") = "DTcms", "DTcms", "{73C0B708-828F-4694-B50F-B8B78D23AC32}"
EndProject
Project("{2150E333-8FDC-42A3-9474-1A3956D46DE8}") = "Plugins", "Plugins", "{69B98358-6B9D-45E9-B6DF-30F705941F3E}"
EndProject
Project("{FAE04EC0-301F-11D3-BF4B-00C04F79EFBC}") = "DTcms.Web.Mvc.UI", "DTcms.Web.Mvc.UI\DTcms.Web.Mvc.UI.csproj", "{FE454ED7-6795-4B58-A68A-6E06E1F37E79}"
EndProject
Project("{FAE04EC0-301F-11D3-BF4B-00C04F79EFBC}") = "DTcms.Extension", "DTcms.Extension\DTcms.Extension.csproj", "{9CB59061-1392-4910-BC7A-874B854F21F0}"
EndProject
Project("{FAE04EC0-301F-11D3-BF4B-00C04F79EFBC}") = "DTcms.Web.Mvc", "DTcms.Web.Mvc\DTcms.Web.Mvc.csproj", "{EDB5CE8A-C014-4388-8FCD-76DBF9E6CA1F}"
EndProject
Project("{FAE04EC0-301F-11D3-BF4B-00C04F79EFBC}") = "DTcms.API", "DTcms.API\DTcms.API.csproj", "{038E097F-10A4-43AD-82F0-111EAF5F6306}"
EndProject
Project("{FAE04EC0-301F-11D3-BF4B-00C04F79EFBC}") = "DTcms.BLL", "DTcms.BLL\DTcms.BLL.csproj", "{C1175F92-1276-49DF-B047-F6CAB69A14C8}"
EndProject
Project("{FAE04EC0-301F-11D3-BF4B-00C04F79EFBC}") = "DTcms.Cache", "DTcms.Cache\DTcms.Cache.csproj", "{4955B3ED-06C2-47FC-8BBF-0D2C6445645F}"
EndProject
Project("{FAE04EC0-301F-11D3-BF4B-00C04F79EFBC}") = "DTcms.Common", "DTcms.Common\DTcms.Common.csproj", "{8EDA166B-293A-4A70-A540-DC4A6D1FE1DA}"
EndProject
Project("{FAE04EC0-301F-11D3-BF4B-00C04F79EFBC}") = "DTcms.DAL", "DTcms.DAL\DTcms.DAL.csproj", "{5EEC2728-250C-499D-A21B-4710E7D2BCA6}"
EndProject
Project("{FAE04EC0-301F-11D3-BF4B-00C04F79EFBC}") = "DTcms.DBUtility", "DTcms.DBUtility\DTcms.DBUtility.csproj", "{1D31F2FA-88FA-48E2-8084-A99E5E19D5D2}"
EndProject
Project("{FAE04EC0-301F-11D3-BF4B-00C04F79EFBC}") = "DTcms.Model", "DTcms.Model\DTcms.Model.csproj", "{DAD9AFDD-3A82-48BD-909E-806A43AC0C2C}"
EndProject
Project("{FAE04EC0-301F-11D3-BF4B-00C04F79EFBC}") = "DTcms.Search", "DTcms.Search\DTcms.Search.csproj", "{2FA15C1D-B187-4690-A250-22096B734607}"
EndProject
Project("{FAE04EC0-301F-11D3-BF4B-00C04F79EFBC}") = "DTcms.Web.Plugin.Favorite", "DTcms.Web.Mvc\Plugins\favorite\DTcms.Web.Plugin.Favorite.csproj", "{2E1F0DC6-ED2E-473F-AAF4-255709F4240E}"
EndProject
Project("{FAE04EC0-301F-11D3-BF4B-00C04F79EFBC}") = "DTcms.Web.Plugin.Feedback", "DTcms.Web.Mvc\Plugins\feedback\DTcms.Web.Plugin.Feedback.csproj", "{A0F7EA60-9026-400B-9B01-5D4F122A10AE}"
EndProject
Project("{FAE04EC0-301F-11D3-BF4B-00C04F79EFBC}") = "DTcms.Web.Plugin.Forum", "DTcms.Web.Mvc\Plugins\forum\DTcms.Web.Plugin.Forum.csproj", "{C91E71D3-59B2-4976-B303-C49069991D8E}"
EndProject
Project("{FAE04EC0-301F-11D3-BF4B-00C04F79EFBC}") = "DTcms.Web.Plugin.Link", "DTcms.Web.Mvc\Plugins\link\DTcms.Web.Plugin.Link.csproj", "{79390661-58C6-480E-8390-EB2F68B9143A}"
EndProject
Project("{FAE04EC0-301F-11D3-BF4B-00C04F79EFBC}") = "DTcms.Web.Plugin.Menu", "DTcms.Web.Mvc\Plugins\menu\DTcms.Web.Plugin.Menu.csproj", "{101D1C60-A2DB-4FDD-B756-DE93546B3A75}"
EndProject
Project("{FAE04EC0-301F-11D3-BF4B-00C04F79EFBC}") = "DTcms.Cloud", "DTcms.Cloud\DTcms.Cloud.csproj", "{F66AA49C-2133-4B0E-A0A7-B23291191815}"
EndProject
Project("{FAE04EC0-301F-11D3-BF4B-00C04F79EFBC}") = "DTcms.SMS", "DTcms.SMS\DTcms.SMS.csproj", "{E9A6FBA8-1502-4599-B4CD-C563CF0CF5E0}"
EndProject
Project("{FAE04EC0-301F-11D3-BF4B-00C04F79EFBC}") = "DTcms.Web.Plugin.Player", "DTcms.Web.Mvc\Plugins\player\DTcms.Web.Plugin.Player.csproj", "{A9D67DD1-B61E-44ED-A999-3839FD8853C2}"
EndProject
Project("{FAE04EC0-301F-11D3-BF4B-00C04F79EFBC}") = "DTcms.Web.Plugin.BaseBack", "DTcms.Web.Mvc\Plugins\baseback\DTcms.Web.Plugin.BaseBack.csproj", "{25E302BE-EE7B-4609-B5D2-220974FA3911}"
EndProject
Project("{FAE04EC0-301F-11D3-BF4B-00C04F79EFBC}") = "DTcms.Web.Plugin.Advert", "DTcms.Web.Mvc\Plugins\advert\DTcms.Web.Plugin.Advert.csproj", "{44F80852-063D-4B6A-B1D4-E762D6F897E9}"
EndProject
Project("{FAE04EC0-301F-11D3-BF4B-00C04F79EFBC}") = "DTcms.Web.Plugin.Lable", "DTcms.Web.Mvc\Plugins\lable\DTcms.Web.Plugin.Lable.csproj", "{CB1E59D9-D9F4-482B-8C65-4B8161CA6D45}"
EndProject
Project("{FAE04EC0-301F-11D3-BF4B-00C04F79EFBC}") = "DTcms.Web.Plugin.QQOnline", "DTcms.Web.Mvc\Plugins\qqonline\DTcms.Web.Plugin.QQOnline.csproj", "{5A7A36E5-07C4-4919-8B03-62AF0A5D1C3B}"
EndProject
Project("{FAE04EC0-301F-11D3-BF4B-00C04F79EFBC}") = "DTcms.Web.Plugin.Images", "DTcms.Web.Mvc\Plugins\images\DTcms.Web.Plugin.Images.csproj", "{F07AF33A-C326-4B9A-B44C-4A527B4D6062}"
EndProject
Project("{FAE04EC0-301F-11D3-BF4B-00C04F79EFBC}") = "DTcms.Web.Plugin.Collection", "DTcms.Web.Mvc\Plugins\collection\DTcms.Web.Plugin.Collection.csproj", "{2C231BD6-3FBA-4CEC-97EC-4611FBA07FF8}"
EndProject
Project("{FAE04EC0-301F-11D3-BF4B-00C04F79EFBC}") = "DTcms.Jobs", "DTcms.Jobs\DTcms.Jobs.csproj", "{3236DE49-0033-4CAF-BA75-654AB6C4A2A3}"
EndProject
Project("{FAE04EC0-301F-11D3-BF4B-00C04F79EFBC}") = "DTcms.Web.Console", "DTcms.Web.Console\DTcms.Web.Console.csproj", "{26A767F3-0E80-49B9-B129-FDC7A88470C0}"
EndProject
Global
	GlobalSection(SolutionConfigurationPlatforms) = preSolution
		Debug|Any CPU = Debug|Any CPU
		Release|Any CPU = Release|Any CPU
	EndGlobalSection
	GlobalSection(ProjectConfigurationPlatforms) = postSolution
		{FE454ED7-6795-4B58-A68A-6E06E1F37E79}.Debug|Any CPU.ActiveCfg = Debug|Any CPU
		{FE454ED7-6795-4B58-A68A-6E06E1F37E79}.Debug|Any CPU.Build.0 = Debug|Any CPU
		{FE454ED7-6795-4B58-A68A-6E06E1F37E79}.Release|Any CPU.ActiveCfg = Release|Any CPU
		{FE454ED7-6795-4B58-A68A-6E06E1F37E79}.Release|Any CPU.Build.0 = Release|Any CPU
		{9CB59061-1392-4910-BC7A-874B854F21F0}.Debug|Any CPU.ActiveCfg = Debug|Any CPU
		{9CB59061-1392-4910-BC7A-874B854F21F0}.Debug|Any CPU.Build.0 = Debug|Any CPU
		{9CB59061-1392-4910-BC7A-874B854F21F0}.Release|Any CPU.ActiveCfg = Release|Any CPU
		{9CB59061-1392-4910-BC7A-874B854F21F0}.Release|Any CPU.Build.0 = Release|Any CPU
		{EDB5CE8A-C014-4388-8FCD-76DBF9E6CA1F}.Debug|Any CPU.ActiveCfg = Debug|Any CPU
		{EDB5CE8A-C014-4388-8FCD-76DBF9E6CA1F}.Debug|Any CPU.Build.0 = Debug|Any CPU
		{EDB5CE8A-C014-4388-8FCD-76DBF9E6CA1F}.Release|Any CPU.ActiveCfg = Release|Any CPU
		{EDB5CE8A-C014-4388-8FCD-76DBF9E6CA1F}.Release|Any CPU.Build.0 = Release|Any CPU
		{038E097F-10A4-43AD-82F0-111EAF5F6306}.Debug|Any CPU.ActiveCfg = Debug|Any CPU
		{038E097F-10A4-43AD-82F0-111EAF5F6306}.Debug|Any CPU.Build.0 = Debug|Any CPU
		{038E097F-10A4-43AD-82F0-111EAF5F6306}.Release|Any CPU.ActiveCfg = Release|Any CPU
		{038E097F-10A4-43AD-82F0-111EAF5F6306}.Release|Any CPU.Build.0 = Release|Any CPU
		{C1175F92-1276-49DF-B047-F6CAB69A14C8}.Debug|Any CPU.ActiveCfg = Debug|Any CPU
		{C1175F92-1276-49DF-B047-F6CAB69A14C8}.Debug|Any CPU.Build.0 = Debug|Any CPU
		{C1175F92-1276-49DF-B047-F6CAB69A14C8}.Release|Any CPU.ActiveCfg = Release|Any CPU
		{C1175F92-1276-49DF-B047-F6CAB69A14C8}.Release|Any CPU.Build.0 = Release|Any CPU
		{4955B3ED-06C2-47FC-8BBF-0D2C6445645F}.Debug|Any CPU.ActiveCfg = Debug|Any CPU
		{4955B3ED-06C2-47FC-8BBF-0D2C6445645F}.Debug|Any CPU.Build.0 = Debug|Any CPU
		{4955B3ED-06C2-47FC-8BBF-0D2C6445645F}.Release|Any CPU.ActiveCfg = Release|Any CPU
		{4955B3ED-06C2-47FC-8BBF-0D2C6445645F}.Release|Any CPU.Build.0 = Release|Any CPU
		{8EDA166B-293A-4A70-A540-DC4A6D1FE1DA}.Debug|Any CPU.ActiveCfg = Debug|Any CPU
		{8EDA166B-293A-4A70-A540-DC4A6D1FE1DA}.Debug|Any CPU.Build.0 = Debug|Any CPU
		{8EDA166B-293A-4A70-A540-DC4A6D1FE1DA}.Release|Any CPU.ActiveCfg = Release|Any CPU
		{8EDA166B-293A-4A70-A540-DC4A6D1FE1DA}.Release|Any CPU.Build.0 = Release|Any CPU
		{5EEC2728-250C-499D-A21B-4710E7D2BCA6}.Debug|Any CPU.ActiveCfg = Debug|Any CPU
		{5EEC2728-250C-499D-A21B-4710E7D2BCA6}.Debug|Any CPU.Build.0 = Debug|Any CPU
		{5EEC2728-250C-499D-A21B-4710E7D2BCA6}.Release|Any CPU.ActiveCfg = Release|Any CPU
		{5EEC2728-250C-499D-A21B-4710E7D2BCA6}.Release|Any CPU.Build.0 = Release|Any CPU
		{1D31F2FA-88FA-48E2-8084-A99E5E19D5D2}.Debug|Any CPU.ActiveCfg = Debug|Any CPU
		{1D31F2FA-88FA-48E2-8084-A99E5E19D5D2}.Debug|Any CPU.Build.0 = Debug|Any CPU
		{1D31F2FA-88FA-48E2-8084-A99E5E19D5D2}.Release|Any CPU.ActiveCfg = Release|Any CPU
		{1D31F2FA-88FA-48E2-8084-A99E5E19D5D2}.Release|Any CPU.Build.0 = Release|Any CPU
		{DAD9AFDD-3A82-48BD-909E-806A43AC0C2C}.Debug|Any CPU.ActiveCfg = Debug|Any CPU
		{DAD9AFDD-3A82-48BD-909E-806A43AC0C2C}.Debug|Any CPU.Build.0 = Debug|Any CPU
		{DAD9AFDD-3A82-48BD-909E-806A43AC0C2C}.Release|Any CPU.ActiveCfg = Release|Any CPU
		{DAD9AFDD-3A82-48BD-909E-806A43AC0C2C}.Release|Any CPU.Build.0 = Release|Any CPU
		{2FA15C1D-B187-4690-A250-22096B734607}.Debug|Any CPU.ActiveCfg = Debug|Any CPU
		{2FA15C1D-B187-4690-A250-22096B734607}.Debug|Any CPU.Build.0 = Debug|Any CPU
		{2FA15C1D-B187-4690-A250-22096B734607}.Release|Any CPU.ActiveCfg = Release|Any CPU
		{2FA15C1D-B187-4690-A250-22096B734607}.Release|Any CPU.Build.0 = Release|Any CPU
		{2E1F0DC6-ED2E-473F-AAF4-255709F4240E}.Debug|Any CPU.ActiveCfg = Debug|Any CPU
		{2E1F0DC6-ED2E-473F-AAF4-255709F4240E}.Debug|Any CPU.Build.0 = Debug|Any CPU
		{2E1F0DC6-ED2E-473F-AAF4-255709F4240E}.Release|Any CPU.ActiveCfg = Release|Any CPU
		{2E1F0DC6-ED2E-473F-AAF4-255709F4240E}.Release|Any CPU.Build.0 = Release|Any CPU
		{A0F7EA60-9026-400B-9B01-5D4F122A10AE}.Debug|Any CPU.ActiveCfg = Debug|Any CPU
		{A0F7EA60-9026-400B-9B01-5D4F122A10AE}.Debug|Any CPU.Build.0 = Debug|Any CPU
		{A0F7EA60-9026-400B-9B01-5D4F122A10AE}.Release|Any CPU.ActiveCfg = Release|Any CPU
		{A0F7EA60-9026-400B-9B01-5D4F122A10AE}.Release|Any CPU.Build.0 = Release|Any CPU
		{C91E71D3-59B2-4976-B303-C49069991D8E}.Debug|Any CPU.ActiveCfg = Debug|Any CPU
		{C91E71D3-59B2-4976-B303-C49069991D8E}.Debug|Any CPU.Build.0 = Debug|Any CPU
		{C91E71D3-59B2-4976-B303-C49069991D8E}.Release|Any CPU.ActiveCfg = Release|Any CPU
		{C91E71D3-59B2-4976-B303-C49069991D8E}.Release|Any CPU.Build.0 = Release|Any CPU
		{79390661-58C6-480E-8390-EB2F68B9143A}.Debug|Any CPU.ActiveCfg = Debug|Any CPU
		{79390661-58C6-480E-8390-EB2F68B9143A}.Debug|Any CPU.Build.0 = Debug|Any CPU
		{79390661-58C6-480E-8390-EB2F68B9143A}.Release|Any CPU.ActiveCfg = Release|Any CPU
		{79390661-58C6-480E-8390-EB2F68B9143A}.Release|Any CPU.Build.0 = Release|Any CPU
		{101D1C60-A2DB-4FDD-B756-DE93546B3A75}.Debug|Any CPU.ActiveCfg = Debug|Any CPU
		{101D1C60-A2DB-4FDD-B756-DE93546B3A75}.Debug|Any CPU.Build.0 = Debug|Any CPU
		{101D1C60-A2DB-4FDD-B756-DE93546B3A75}.Release|Any CPU.ActiveCfg = Release|Any CPU
		{101D1C60-A2DB-4FDD-B756-DE93546B3A75}.Release|Any CPU.Build.0 = Release|Any CPU
		{F66AA49C-2133-4B0E-A0A7-B23291191815}.Debug|Any CPU.ActiveCfg = Debug|Any CPU
		{F66AA49C-2133-4B0E-A0A7-B23291191815}.Debug|Any CPU.Build.0 = Debug|Any CPU
		{F66AA49C-2133-4B0E-A0A7-B23291191815}.Release|Any CPU.ActiveCfg = Release|Any CPU
		{F66AA49C-2133-4B0E-A0A7-B23291191815}.Release|Any CPU.Build.0 = Release|Any CPU
		{E9A6FBA8-1502-4599-B4CD-C563CF0CF5E0}.Debug|Any CPU.ActiveCfg = Debug|Any CPU
		{E9A6FBA8-1502-4599-B4CD-C563CF0CF5E0}.Debug|Any CPU.Build.0 = Debug|Any CPU
		{E9A6FBA8-1502-4599-B4CD-C563CF0CF5E0}.Release|Any CPU.ActiveCfg = Release|Any CPU
		{E9A6FBA8-1502-4599-B4CD-C563CF0CF5E0}.Release|Any CPU.Build.0 = Release|Any CPU
		{A9D67DD1-B61E-44ED-A999-3839FD8853C2}.Debug|Any CPU.ActiveCfg = Debug|Any CPU
		{A9D67DD1-B61E-44ED-A999-3839FD8853C2}.Debug|Any CPU.Build.0 = Debug|Any CPU
		{A9D67DD1-B61E-44ED-A999-3839FD8853C2}.Release|Any CPU.ActiveCfg = Release|Any CPU
		{A9D67DD1-B61E-44ED-A999-3839FD8853C2}.Release|Any CPU.Build.0 = Release|Any CPU
		{25E302BE-EE7B-4609-B5D2-220974FA3911}.Debug|Any CPU.ActiveCfg = Debug|Any CPU
		{25E302BE-EE7B-4609-B5D2-220974FA3911}.Debug|Any CPU.Build.0 = Debug|Any CPU
		{25E302BE-EE7B-4609-B5D2-220974FA3911}.Release|Any CPU.ActiveCfg = Release|Any CPU
		{25E302BE-EE7B-4609-B5D2-220974FA3911}.Release|Any CPU.Build.0 = Release|Any CPU
		{44F80852-063D-4B6A-B1D4-E762D6F897E9}.Debug|Any CPU.ActiveCfg = Debug|Any CPU
		{44F80852-063D-4B6A-B1D4-E762D6F897E9}.Debug|Any CPU.Build.0 = Debug|Any CPU
		{44F80852-063D-4B6A-B1D4-E762D6F897E9}.Release|Any CPU.ActiveCfg = Release|Any CPU
		{44F80852-063D-4B6A-B1D4-E762D6F897E9}.Release|Any CPU.Build.0 = Release|Any CPU
		{CB1E59D9-D9F4-482B-8C65-4B8161CA6D45}.Debug|Any CPU.ActiveCfg = Debug|Any CPU
		{CB1E59D9-D9F4-482B-8C65-4B8161CA6D45}.Debug|Any CPU.Build.0 = Debug|Any CPU
		{CB1E59D9-D9F4-482B-8C65-4B8161CA6D45}.Release|Any CPU.ActiveCfg = Release|Any CPU
		{CB1E59D9-D9F4-482B-8C65-4B8161CA6D45}.Release|Any CPU.Build.0 = Release|Any CPU
		{5A7A36E5-07C4-4919-8B03-62AF0A5D1C3B}.Debug|Any CPU.ActiveCfg = Debug|Any CPU
		{5A7A36E5-07C4-4919-8B03-62AF0A5D1C3B}.Debug|Any CPU.Build.0 = Debug|Any CPU
		{5A7A36E5-07C4-4919-8B03-62AF0A5D1C3B}.Release|Any CPU.ActiveCfg = Release|Any CPU
		{5A7A36E5-07C4-4919-8B03-62AF0A5D1C3B}.Release|Any CPU.Build.0 = Release|Any CPU
		{F07AF33A-C326-4B9A-B44C-4A527B4D6062}.Debug|Any CPU.ActiveCfg = Debug|Any CPU
		{F07AF33A-C326-4B9A-B44C-4A527B4D6062}.Debug|Any CPU.Build.0 = Debug|Any CPU
		{F07AF33A-C326-4B9A-B44C-4A527B4D6062}.Release|Any CPU.ActiveCfg = Release|Any CPU
		{F07AF33A-C326-4B9A-B44C-4A527B4D6062}.Release|Any CPU.Build.0 = Release|Any CPU
		{2C231BD6-3FBA-4CEC-97EC-4611FBA07FF8}.Debug|Any CPU.ActiveCfg = Debug|Any CPU
		{2C231BD6-3FBA-4CEC-97EC-4611FBA07FF8}.Debug|Any CPU.Build.0 = Debug|Any CPU
		{2C231BD6-3FBA-4CEC-97EC-4611FBA07FF8}.Release|Any CPU.ActiveCfg = Release|Any CPU
		{2C231BD6-3FBA-4CEC-97EC-4611FBA07FF8}.Release|Any CPU.Build.0 = Release|Any CPU
		{3236DE49-0033-4CAF-BA75-654AB6C4A2A3}.Debug|Any CPU.ActiveCfg = Debug|Any CPU
		{3236DE49-0033-4CAF-BA75-654AB6C4A2A3}.Debug|Any CPU.Build.0 = Debug|Any CPU
		{3236DE49-0033-4CAF-BA75-654AB6C4A2A3}.Release|Any CPU.ActiveCfg = Release|Any CPU
		{3236DE49-0033-4CAF-BA75-654AB6C4A2A3}.Release|Any CPU.Build.0 = Release|Any CPU
		{26A767F3-0E80-49B9-B129-FDC7A88470C0}.Debug|Any CPU.ActiveCfg = Debug|Any CPU
		{26A767F3-0E80-49B9-B129-FDC7A88470C0}.Debug|Any CPU.Build.0 = Debug|Any CPU
		{26A767F3-0E80-49B9-B129-FDC7A88470C0}.Release|Any CPU.ActiveCfg = Release|Any CPU
		{26A767F3-0E80-49B9-B129-FDC7A88470C0}.Release|Any CPU.Build.0 = Release|Any CPU
	EndGlobalSection
	GlobalSection(SolutionProperties) = preSolution
		HideSolutionNode = FALSE
	EndGlobalSection
	GlobalSection(NestedProjects) = preSolution
		{9CB59061-1392-4910-BC7A-874B854F21F0} = {69B98358-6B9D-45E9-B6DF-30F705941F3E}
		{038E097F-10A4-43AD-82F0-111EAF5F6306} = {73C0B708-828F-4694-B50F-B8B78D23AC32}
		{C1175F92-1276-49DF-B047-F6CAB69A14C8} = {73C0B708-828F-4694-B50F-B8B78D23AC32}
		{4955B3ED-06C2-47FC-8BBF-0D2C6445645F} = {73C0B708-828F-4694-B50F-B8B78D23AC32}
		{8EDA166B-293A-4A70-A540-DC4A6D1FE1DA} = {73C0B708-828F-4694-B50F-B8B78D23AC32}
		{5EEC2728-250C-499D-A21B-4710E7D2BCA6} = {73C0B708-828F-4694-B50F-B8B78D23AC32}
		{1D31F2FA-88FA-48E2-8084-A99E5E19D5D2} = {73C0B708-828F-4694-B50F-B8B78D23AC32}
		{DAD9AFDD-3A82-48BD-909E-806A43AC0C2C} = {73C0B708-828F-4694-B50F-B8B78D23AC32}
		{2FA15C1D-B187-4690-A250-22096B734607} = {73C0B708-828F-4694-B50F-B8B78D23AC32}
		{2E1F0DC6-ED2E-473F-AAF4-255709F4240E} = {69B98358-6B9D-45E9-B6DF-30F705941F3E}
		{A0F7EA60-9026-400B-9B01-5D4F122A10AE} = {69B98358-6B9D-45E9-B6DF-30F705941F3E}
		{C91E71D3-59B2-4976-B303-C49069991D8E} = {69B98358-6B9D-45E9-B6DF-30F705941F3E}
		{79390661-58C6-480E-8390-EB2F68B9143A} = {69B98358-6B9D-45E9-B6DF-30F705941F3E}
		{101D1C60-A2DB-4FDD-B756-DE93546B3A75} = {69B98358-6B9D-45E9-B6DF-30F705941F3E}
		{F66AA49C-2133-4B0E-A0A7-B23291191815} = {73C0B708-828F-4694-B50F-B8B78D23AC32}
		{E9A6FBA8-1502-4599-B4CD-C563CF0CF5E0} = {73C0B708-828F-4694-B50F-B8B78D23AC32}
		{A9D67DD1-B61E-44ED-A999-3839FD8853C2} = {69B98358-6B9D-45E9-B6DF-30F705941F3E}
		{25E302BE-EE7B-4609-B5D2-220974FA3911} = {69B98358-6B9D-45E9-B6DF-30F705941F3E}
		{44F80852-063D-4B6A-B1D4-E762D6F897E9} = {69B98358-6B9D-45E9-B6DF-30F705941F3E}
		{CB1E59D9-D9F4-482B-8C65-4B8161CA6D45} = {69B98358-6B9D-45E9-B6DF-30F705941F3E}
		{5A7A36E5-07C4-4919-8B03-62AF0A5D1C3B} = {69B98358-6B9D-45E9-B6DF-30F705941F3E}
		{F07AF33A-C326-4B9A-B44C-4A527B4D6062} = {69B98358-6B9D-45E9-B6DF-30F705941F3E}
		{2C231BD6-3FBA-4CEC-97EC-4611FBA07FF8} = {69B98358-6B9D-45E9-B6DF-30F705941F3E}
		{3236DE49-0033-4CAF-BA75-654AB6C4A2A3} = {73C0B708-828F-4694-B50F-B8B78D23AC32}
	EndGlobalSection
	GlobalSection(ExtensibilityGlobals) = postSolution
		SolutionGuid = {F285F865-51DA-475C-855A-1A53608109EA}
	EndGlobalSection
EndGlobal
